
Microsoft Visual Studio Solution File, Format Version 12.00
# Visual Studio Version 17
VisualStudioVersion = 17.10.35201.131
MinimumVisualStudioVersion = 10.0.40219.1
Project("{FAE04EC0-301F-11D3-BF4B-00C04F79EFBC}") = "ProjectTwo", "ProjectTwo\ProjectTwo.csproj", "{DE22D6C2-4456-45A6-A328-318A73658773}"
EndProject
Project("{FAE04EC0-301F-11D3-BF4B-00C04F79EFBC}") = "StringProcessorTests", "StringProcessorTests\StringProcessorTests.csproj", "{3396B227-C4B1-4FE4-B40D-5EB7D2521144}"
EndProject
Global
	GlobalSection(SolutionConfigurationPlatforms) = preSolution
		Debug|Any CPU = Debug|Any CPU
		Release|Any CPU = Release|Any CPU
	EndGlobalSection
	GlobalSection(ProjectConfigurationPlatforms) = postSolution
		{DE22D6C2-4456-45A6-A328-318A73658773}.Debug|Any CPU.ActiveCfg = Debug|Any CPU
		{DE22D6C2-4456-45A6-A328-318A73658773}.Debug|Any CPU.Build.0 = Debug|Any CPU
		{DE22D6C2-4456-45A6-A328-318A73658773}.Release|Any CPU.ActiveCfg = Release|Any CPU
		{DE22D6C2-4456-45A6-A328-318A73658773}.Release|Any CPU.Build.0 = Release|Any CPU
		{3396B227-C4B1-4FE4-B40D-5EB7D2521144}.Debug|Any CPU.ActiveCfg = Debug|Any CPU
		{3396B227-C4B1-4FE4-B40D-5EB7D2521144}.Debug|Any CPU.Build.0 = Debug|Any CPU
		{3396B227-C4B1-4FE4-B40D-5EB7D2521144}.Release|Any CPU.ActiveCfg = Release|Any CPU
		{3396B227-C4B1-4FE4-B40D-5EB7D2521144}.Release|Any CPU.Build.0 = Release|Any CPU
	EndGlobalSection
	GlobalSection(SolutionProperties) = preSolution
		HideSolutionNode = FALSE
	EndGlobalSection
	GlobalSection(ExtensibilityGlobals) = postSolution
		SolutionGuid = {ADDC978D-EEC0-41B3-84DE-39CF6825F1E1}
	EndGlobalSection
EndGlobal
